
Microsoft Visual Studio Solution File, Format Version 12.00
# Visual Studio Version 16
VisualStudioVersion = 16.0.28803.202
MinimumVisualStudioVersion = 10.0.40219.1
Project("{FAE04EC0-301F-11D3-BF4B-00C04F79EFBC}") = "WebApplication1", "WebApplication1\WebApplication1.csproj", "{D11849F3-8D36-4226-95AE-7A6A75972233}"
EndProject
Global
	GlobalSection(SolutionConfigurationPlatforms) = preSolution
		Debug|Any CPU = Debug|Any CPU
		Release|Any CPU = Release|Any CPU
	EndGlobalSection
	GlobalSection(ProjectConfigurationPlatforms) = postSolution
		{D11849F3-8D36-4226-95AE-7A6A75972233}.Debug|Any CPU.ActiveCfg = Debug|Any CPU
		{D11849F3-8D36-4226-95AE-7A6A75972233}.Debug|Any CPU.Build.0 = Debug|Any CPU
		{D11849F3-8D36-4226-95AE-7A6A75972233}.Release|Any CPU.ActiveCfg = Release|Any CPU
		{D11849F3-8D36-4226-95AE-7A6A75972233}.Release|Any CPU.Build.0 = Release|Any CPU
	EndGlobalSection
	GlobalSection(SolutionProperties) = preSolution
		HideSolutionNode = FALSE
	EndGlobalSection
	GlobalSection(ExtensibilityGlobals) = postSolution
		SolutionGuid = {0EC5762B-703D-4190-9DF9-512E00DD7AB3}
	EndGlobalSection
EndGlobal
