
Microsoft Visual Studio Solution File, Format Version 12.00
# Visual Studio Version 16
VisualStudioVersion = 16.0.28803.202
MinimumVisualStudioVersion = 10.0.40219.1
Project("{00D1A9C2-B5F0-4AF3-8072-F6C62B433612}") = "Database1", "Database1.sqlproj", "{611FE240-846E-46D2-B9FD-16777419DC90}"
EndProject
Global
	GlobalSection(SolutionConfigurationPlatforms) = preSolution
		Debug|Any CPU = Debug|Any CPU
		Release|Any CPU = Release|Any CPU
	EndGlobalSection
	GlobalSection(ProjectConfigurationPlatforms) = postSolution
		{611FE240-846E-46D2-B9FD-16777419DC90}.Debug|Any CPU.ActiveCfg = Debug|Any CPU
		{611FE240-846E-46D2-B9FD-16777419DC90}.Debug|Any CPU.Build.0 = Debug|Any CPU
		{611FE240-846E-46D2-B9FD-16777419DC90}.Debug|Any CPU.Deploy.0 = Debug|Any CPU
		{611FE240-846E-46D2-B9FD-16777419DC90}.Release|Any CPU.ActiveCfg = Release|Any CPU
		{611FE240-846E-46D2-B9FD-16777419DC90}.Release|Any CPU.Build.0 = Release|Any CPU
		{611FE240-846E-46D2-B9FD-16777419DC90}.Release|Any CPU.Deploy.0 = Release|Any CPU
	EndGlobalSection
	GlobalSection(SolutionProperties) = preSolution
		HideSolutionNode = FALSE
	EndGlobalSection
	GlobalSection(ExtensibilityGlobals) = postSolution
		SolutionGuid = {81D8C8AC-AA96-438F-B91B-4401B5F18572}
	EndGlobalSection
EndGlobal
